
Microsoft Visual Studio Solution File, Format Version 12.00
# Visual Studio Version 17
VisualStudioVersion = 17.9.34607.119
MinimumVisualStudioVersion = 10.0.40219.1
Project("{9A19103F-16F7-4668-BE54-9A1E7A4F7556}") = "Hair_Salon_Web_ASP.NET", "Hair_Salon_Web_ASP.NET\Hair_Salon_Web_ASP.NET.csproj", "{86A8BB80-88C2-45F5-AE29-D6BB3C5747D7}"
EndProject
Global
	GlobalSection(SolutionConfigurationPlatforms) = preSolution
		Debug|Any CPU = Debug|Any CPU
		Release|Any CPU = Release|Any CPU
	EndGlobalSection
	GlobalSection(ProjectConfigurationPlatforms) = postSolution
		{86A8BB80-88C2-45F5-AE29-D6BB3C5747D7}.Debug|Any CPU.ActiveCfg = Debug|Any CPU
		{86A8BB80-88C2-45F5-AE29-D6BB3C5747D7}.Debug|Any CPU.Build.0 = Debug|Any CPU
		{86A8BB80-88C2-45F5-AE29-D6BB3C5747D7}.Release|Any CPU.ActiveCfg = Release|Any CPU
		{86A8BB80-88C2-45F5-AE29-D6BB3C5747D7}.Release|Any CPU.Build.0 = Release|Any CPU
	EndGlobalSection
	GlobalSection(SolutionProperties) = preSolution
		HideSolutionNode = FALSE
	EndGlobalSection
	GlobalSection(ExtensibilityGlobals) = postSolution
		SolutionGuid = {9D524071-653D-4881-9760-6EEE9BE0F09C}
	EndGlobalSection
EndGlobal
